
Microsoft Visual Studio Solution File, Format Version 12.00
# Visual Studio 15
VisualStudioVersion = 15.0.28010.2036
MinimumVisualStudioVersion = 10.0.40219.1
Project("{9A19103F-16F7-4668-BE54-9A1E7A4F7556}") = "Proxy", "src\Proxy\Proxy.csproj", "{3EF92A09-8640-4B96-BEF8-BB2D1B9D7ECD}"
EndProject
Global
	GlobalSection(SolutionConfigurationPlatforms) = preSolution
		Debug|Any CPU = Debug|Any CPU
		Release|Any CPU = Release|Any CPU
	EndGlobalSection
	GlobalSection(ProjectConfigurationPlatforms) = postSolution
		{3EF92A09-8640-4B96-BEF8-BB2D1B9D7ECD}.Debug|Any CPU.ActiveCfg = Debug|Any CPU
		{3EF92A09-8640-4B96-BEF8-BB2D1B9D7ECD}.Debug|Any CPU.Build.0 = Debug|Any CPU
		{3EF92A09-8640-4B96-BEF8-BB2D1B9D7ECD}.Release|Any CPU.ActiveCfg = Release|Any CPU
		{3EF92A09-8640-4B96-BEF8-BB2D1B9D7ECD}.Release|Any CPU.Build.0 = Release|Any CPU
	EndGlobalSection
	GlobalSection(SolutionProperties) = preSolution
		HideSolutionNode = FALSE
	EndGlobalSection
	GlobalSection(ExtensibilityGlobals) = postSolution
		SolutionGuid = {881B059E-9EE9-45C6-8EAC-6C21C308D06C}
	EndGlobalSection
EndGlobal
